<?xml version="1.0" encoding="utf-8"?>
<Project ToolsVersion="4.0" xmlns="http://schemas.microsoft.com/developer/msbuild/2003">
  <ItemGroup>
    <Filter Include="DEWEngine">
      <UniqueIdentifier>{3B58E862-A7C2-9CD9-F000-4E7F5CAA7A2E}</UniqueIdentifier>
    </Filter>
    <Filter Include="DEWEngine\Events">
      <UniqueIdentifier>{BF13B7ED-AB0C-D63F-D43E-BBC4C096B54B}</UniqueIdentifier>
    </Filter>
    <Filter Include="DEWEngine\Platform">
      <UniqueIdentifier>{EF06E953-DBEA-A9A9-444B-A4FC304E942B}</UniqueIdentifier>
    </Filter>
    <Filter Include="DEWEngine\Platform\Windows">
      <UniqueIdentifier>{2930CA5D-1540-762E-7EF9-DA4C6A2865C7}</UniqueIdentifier>
    </Filter>
  </ItemGroup>
  <ItemGroup>
    <ClInclude Include="src\DEWEngine.h" />
    <ClInclude Include="src\DEWEngine\Application.h">
      <Filter>DEWEngine</Filter>
    </ClInclude>
    <ClInclude Include="src\DEWEngine\Core.h">
      <Filter>DEWEngine</Filter>
    </ClInclude>
    <ClInclude Include="src\DEWEngine\EntryPoint.h">
      <Filter>DEWEngine</Filter>
    </ClInclude>
    <ClInclude Include="src\DEWEngine\Events\ApplicationEvent.h">
      <Filter>DEWEngine\Events</Filter>
    </ClInclude>
    <ClInclude Include="src\DEWEngine\Events\Event.h">
      <Filter>DEWEngine\Events</Filter>
    </ClInclude>
    <ClInclude Include="src\DEWEngine\Events\KeyEvent.h">
      <Filter>DEWEngine\Events</Filter>
    </ClInclude>
    <ClInclude Include="src\DEWEngine\Events\MouseEvent.h">
      <Filter>DEWEngine\Events</Filter>
    </ClInclude>
    <ClInclude Include="src\DEWEngine\Layer.h">
      <Filter>DEWEngine</Filter>
    </ClInclude>
    <ClInclude Include="src\DEWEngine\LayerStack.h">
      <Filter>DEWEngine</Filter>
    </ClInclude>
    <ClInclude Include="src\DEWEngine\Log.h">
      <Filter>DEWEngine</Filter>
    </ClInclude>
    <ClInclude Include="src\DEWEngine\Platform\Windows\WindowsWindow.h">
      <Filter>DEWEngine\Platform\Windows</Filter>
    </ClInclude>
    <ClInclude Include="src\DEWEngine\Window.h">
      <Filter>DEWEngine</Filter>
    </ClInclude>
    <ClInclude Include="src\dewpch.h" />
  </ItemGroup>
  <ItemGroup>
    <ClCompile Include="src\DEWEngine\Application.cpp">
      <Filter>DEWEngine</Filter>
    </ClCompile>
    <ClCompile Include="src\DEWEngine\Layer.cpp">
      <Filter>DEWEngine</Filter>
    </ClCompile>
    <ClCompile Include="src\DEWEngine\LayerStack.cpp">
      <Filter>DEWEngine</Filter>
    </ClCompile>
    <ClCompile Include="src\DEWEngine\Log.cpp">
      <Filter>DEWEngine</Filter>
    </ClCompile>
    <ClCompile Include="src\DEWEngine\Platform\Windows\WindowsWindow.cpp">
      <Filter>DEWEngine\Platform\Windows</Filter>
    </ClCompile>
    <ClCompile Include="src\dewpch.cpp" />
  </ItemGroup>
</Project>